
Microsoft Visual Studio Solution File, Format Version 12.00
# Visual Studio 2012
VisualStudioVersion = 12.0.31101.0
MinimumVisualStudioVersion = 10.0.40219.1
Project("{2150E333-8FDC-42A3-9474-1A3956D46DE8}") = "Solution Items", "Solution Items", "{83FBBC0F-B541-40F3-BE3B-C8F315E0C4E3}"
	ProjectSection(SolutionItems) = preProject
		LICENSE = LICENSE
		README.md = README.md
	EndProjectSection
EndProject
Project("{D954291E-2A0B-460D-934E-DC6B0785DB48}") = "AplikacjaParlamentShared", "AplikacjaParlamentShared\AplikacjaParlamentShared.shproj", "{8EEDEFC0-ECAB-4138-94B9-E905FD0883AC}"
EndProject
Project("{FAE04EC0-301F-11D3-BF4B-00C04F79EFBC}") = "AplikacjaParlamentAndroid", "AplikacjaParlamentAndroid\AplikacjaParlamentAndroid.csproj", "{8E404A50-7A2B-4900-9A75-9C7E0ABF0D67}"
EndProject
Global
	GlobalSection(SolutionConfigurationPlatforms) = preSolution
		Debug|Any CPU = Debug|Any CPU
		Release|Any CPU = Release|Any CPU
	EndGlobalSection
	GlobalSection(ProjectConfigurationPlatforms) = postSolution
		{8E404A50-7A2B-4900-9A75-9C7E0ABF0D67}.Debug|Any CPU.ActiveCfg = Debug|Any CPU
		{8E404A50-7A2B-4900-9A75-9C7E0ABF0D67}.Debug|Any CPU.Build.0 = Debug|Any CPU
		{8E404A50-7A2B-4900-9A75-9C7E0ABF0D67}.Debug|Any CPU.Deploy.0 = Debug|Any CPU
		{8E404A50-7A2B-4900-9A75-9C7E0ABF0D67}.Release|Any CPU.ActiveCfg = Release|Any CPU
		{8E404A50-7A2B-4900-9A75-9C7E0ABF0D67}.Release|Any CPU.Build.0 = Release|Any CPU
	EndGlobalSection
	GlobalSection(NestedProjects) = preSolution
	EndGlobalSection
	GlobalSection(MonoDevelopProperties) = preSolution
		StartupItem = AplikacjaParlamentAndroid\AplikacjaParlamentAndroid.csproj
		Policies = $0
		$0.DotNetNamingPolicy = $1
		$1.DirectoryNamespaceAssociation = None
		$1.ResourceNamePolicy = FileFormatDefault
		$0.StandardHeader = $2
		$2.Text = @ \n ${FileName}\n \n Author:\n      ${AuthorName} <${AuthorEmail}>\n\n Copyright (c) ${Year} ${CopyrightHolder}\n\n This program is free software: you can redistribute it and/or modify\n it under the terms of the GNU General Public License as published by\n the Free Software Foundation, either version 3 of the License, or\n (at your option) any later version.\n\n This program is distributed in the hope that it will be useful,\n but WITHOUT ANY WARRANTY; without even the implied warranty of\n MERCHANTABILITY or FITNESS FOR A PARTICULAR PURPOSE.  See the\n GNU General Public License for more details.\n\n You should have received a copy of the GNU General Public License\n along with this program.  If not, see <http://www.gnu.org/licenses/>.
		$2.IncludeInNewFiles = True
		$0.NameConventionPolicy = $3
		$3.Rules = $4
		$4.NamingRule = $5
		$5.AffectedEntity = None
		$5.VisibilityMask = VisibilityMask
		$5.NamingStyle = None
		$5.IncludeInstanceMembers = True
		$5.IncludeStaticEntities = True
	EndGlobalSection
	GlobalSection(SharedMSBuildProjectFiles) = preSolution
		AplikacjaParlamentShared\AplikacjaParlamentShared.projitems*{8eedefc0-ecab-4138-94b9-e905fd0883ac}*SharedItemsImports = 13
		AplikacjaParlamentShared\AplikacjaParlamentShared.projitems*{8e404a50-7a2b-4900-9a75-9c7e0abf0d67}*SharedItemsImports = 4
	EndGlobalSection
	GlobalSection(SolutionProperties) = preSolution
		HideSolutionNode = FALSE
	EndGlobalSection
EndGlobal
